{
  "lockfileVersion": 1,
  "workspaces": {
    "": {
      "name": "redjot",
      "devDependencies": {
        "@biomejs/biome": "^2.2.0",
        "typescript": "^5.9.2",
        "typescript-language-server": "^4.4.0",
      },
    },
    "packages/djast": {
      "name": "djast",
      "version": "0.1.0",
      "dependencies": {
        "unist": "^0.0.1",
      },
    },
    "packages/djast-util-from-djot": {
      "name": "djast-util-from-djot",
      "version": "0.1.0",
      "dependencies": {
        "@djot/djot": "^0.3.2",
        "djast": "^0.1.0",
        "unist": "^0.0.1",
      },
    },
    "packages/redjot-metadata": {
      "name": "redjot-metadata",
      "version": "0.1.0",
      "dependencies": {
        "djast": "^0.1.0",
        "unified": "^11.0.5",
      },
    },
    "packages/redjot-parse": {
      "name": "redjot-parse",
      "version": "0.1.0",
      "dependencies": {
        "@djot/djot": "^0.3.2",
        "djast": "^0.1.0",
        "djast-util-from-djot": "^0.1.0",
        "unified": "^11.0.5",
      },
    },
  },
  "packages": {
    "@biomejs/biome": ["@biomejs/biome@2.2.2", "", { "optionalDependencies": { "@biomejs/cli-darwin-arm64": "2.2.2", "@biomejs/cli-darwin-x64": "2.2.2", "@biomejs/cli-linux-arm64": "2.2.2", "@biomejs/cli-linux-arm64-musl": "2.2.2", "@biomejs/cli-linux-x64": "2.2.2", "@biomejs/cli-linux-x64-musl": "2.2.2", "@biomejs/cli-win32-arm64": "2.2.2", "@biomejs/cli-win32-x64": "2.2.2" }, "bin": { "biome": "bin/biome" } }, "sha512-j1omAiQWCkhuLgwpMKisNKnsM6W8Xtt1l0WZmqY/dFj8QPNkIoTvk4tSsi40FaAAkBE1PU0AFG2RWFBWenAn+w=="],

    "@biomejs/cli-darwin-arm64": ["@biomejs/cli-darwin-arm64@2.2.2", "", { "os": "darwin", "cpu": "arm64" }, "sha512-6ePfbCeCPryWu0CXlzsWNZgVz/kBEvHiPyNpmViSt6A2eoDf4kXs3YnwQPzGjy8oBgQulrHcLnJL0nkCh80mlQ=="],

    "@biomejs/cli-darwin-x64": ["@biomejs/cli-darwin-x64@2.2.2", "", { "os": "darwin", "cpu": "x64" }, "sha512-Tn4JmVO+rXsbRslml7FvKaNrlgUeJot++FkvYIhl1OkslVCofAtS35MPlBMhXgKWF9RNr9cwHanrPTUUXcYGag=="],

    "@biomejs/cli-linux-arm64": ["@biomejs/cli-linux-arm64@2.2.2", "", { "os": "linux", "cpu": "arm64" }, "sha512-JfrK3gdmWWTh2J5tq/rcWCOsImVyzUnOS2fkjhiYKCQ+v8PqM+du5cfB7G1kXas+7KQeKSWALv18iQqdtIMvzw=="],

    "@biomejs/cli-linux-arm64-musl": ["@biomejs/cli-linux-arm64-musl@2.2.2", "", { "os": "linux", "cpu": "arm64" }, "sha512-/MhYg+Bd6renn6i1ylGFL5snYUn/Ct7zoGVKhxnro3bwekiZYE8Kl39BSb0MeuqM+72sThkQv4TnNubU9njQRw=="],

    "@biomejs/cli-linux-x64": ["@biomejs/cli-linux-x64@2.2.2", "", { "os": "linux", "cpu": "x64" }, "sha512-Ogb+77edO5LEP/xbNicACOWVLt8mgC+E1wmpUakr+O4nKwLt9vXe74YNuT3T1dUBxC/SnrVmlzZFC7kQJEfquQ=="],

    "@biomejs/cli-linux-x64-musl": ["@biomejs/cli-linux-x64-musl@2.2.2", "", { "os": "linux", "cpu": "x64" }, "sha512-ZCLXcZvjZKSiRY/cFANKg+z6Fhsf9MHOzj+NrDQcM+LbqYRT97LyCLWy2AS+W2vP+i89RyRM+kbGpUzbRTYWig=="],

    "@biomejs/cli-win32-arm64": ["@biomejs/cli-win32-arm64@2.2.2", "", { "os": "win32", "cpu": "arm64" }, "sha512-wBe2wItayw1zvtXysmHJQoQqXlTzHSpQRyPpJKiNIR21HzH/CrZRDFic1C1jDdp+zAPtqhNExa0owKMbNwW9cQ=="],

    "@biomejs/cli-win32-x64": ["@biomejs/cli-win32-x64@2.2.2", "", { "os": "win32", "cpu": "x64" }, "sha512-DAuHhHekGfiGb6lCcsT4UyxQmVwQiBCBUMwVra/dcOSs9q8OhfaZgey51MlekT3p8UwRqtXQfFuEJBhJNdLZwg=="],

    "@djot/djot": ["@djot/djot@0.3.2", "", { "bin": { "djot": "lib/cli.js" } }, "sha512-joMKR24B8rxueyFiJbpZAqEiypjvOyzTxzkhyr0q5mM/sUBaOD3unna/9IxtOotFugViyYlkIRaiXg3xM//zxg=="],

    "@types/unist": ["@types/unist@3.0.3", "", {}, "sha512-ko/gIFJRv177XgZsZcBwnqJN5x/Gien8qNOn0D5bQU/zAzVf9Zt3BlcUiLqhV9y4ARk0GbT3tnUiPNgnTXzc/Q=="],

    "bail": ["bail@2.0.2", "", {}, "sha512-0xO6mYd7JB2YesxDKplafRpsiOzPt9V02ddPCLbY1xYGPOX24NTyN50qnUxgCPcSoYMhKpAuBTjQoRZCAkUDRw=="],

    "dequal": ["dequal@2.0.3", "", {}, "sha512-0je+qPKHEMohvfRTCEo3CrPG6cAzAYgmzKyxRiYSSDkS6eGJdyVJm7WaYA5ECaAD9wLB2T4EEeymA5aFVcYXCA=="],

    "devlop": ["devlop@1.1.0", "", { "dependencies": { "dequal": "^2.0.0" } }, "sha512-RWmIqhcFf1lRYBvNmr7qTNuyCt/7/ns2jbpp1+PalgE/rDQcBT0fioSMUpJ93irlUhC5hrg4cYqe6U+0ImW0rA=="],

    "djast": ["djast@workspace:packages/djast"],

    "djast-util-from-djot": ["djast-util-from-djot@workspace:packages/djast-util-from-djot"],

    "extend": ["extend@3.0.2", "", {}, "sha512-fjquC59cD7CyW6urNXK0FBufkZcoiGG80wTuPujX590cB5Ttln20E2UB4S/WARVqhXffZl2LNgS+gQdPIIim/g=="],

    "is-plain-obj": ["is-plain-obj@4.1.0", "", {}, "sha512-+Pgi+vMuUNkJyExiMBt5IlFoMyKnr5zhJ4Uspz58WOhBF5QoIZkFyNHIbBAtHwzVAgk5RtndVNsDRN61/mmDqg=="],

    "redjot-metadata": ["redjot-metadata@workspace:packages/redjot-metadata"],

    "redjot-parse": ["redjot-parse@workspace:packages/redjot-parse"],

    "trough": ["trough@2.2.0", "", {}, "sha512-tmMpK00BjZiUyVyvrBK7knerNgmgvcV/KLVyuma/SC+TQN167GrMRciANTz09+k3zW8L8t60jWO1GpfkZdjTaw=="],

    "typescript": ["typescript@5.9.2", "", { "bin": { "tsc": "bin/tsc", "tsserver": "bin/tsserver" } }, "sha512-CWBzXQrc/qOkhidw1OzBTQuYRbfyxDXJMVJ1XNwUHGROVmuaeiEm3OslpZ1RV96d7SKKjZKrSJu3+t/xlw3R9A=="],

    "typescript-language-server": ["typescript-language-server@4.4.0", "", { "bin": { "typescript-language-server": "lib/cli.mjs" } }, "sha512-enWhplhHX7PA0q+IcKHBMpTQh9I2Bmb3L45rwnkATHMsZ7YLduyyCdOmVUWJSYZfkWaBMiKwi/e2FQo4xsKeWw=="],

    "unified": ["unified@11.0.5", "", { "dependencies": { "@types/unist": "^3.0.0", "bail": "^2.0.0", "devlop": "^1.0.0", "extend": "^3.0.0", "is-plain-obj": "^4.0.0", "trough": "^2.0.0", "vfile": "^6.0.0" } }, "sha512-xKvGhPWw3k84Qjh8bI3ZeJjqnyadK+GEFtazSfZv/rKeTkTjOJho6mFqh2SM96iIcZokxiOpg78GazTSg8+KHA=="],

    "unist": ["unist@0.0.1", "", {}, "sha512-bnzuF8b6d47WubA4a5yLqFbuZz/v/NS6eRwUIdOaDmsqzwTlyv8yS1g3M7ISdtBQrigPD3qKK87Cu7zhEfCF3A=="],

    "unist-util-stringify-position": ["unist-util-stringify-position@4.0.0", "", { "dependencies": { "@types/unist": "^3.0.0" } }, "sha512-0ASV06AAoKCDkS2+xw5RXJywruurpbC4JZSm7nr7MOt1ojAzvyyaO+UxZf18j8FCF6kmzCZKcAgN/yu2gm2XgQ=="],

    "vfile": ["vfile@6.0.3", "", { "dependencies": { "@types/unist": "^3.0.0", "vfile-message": "^4.0.0" } }, "sha512-KzIbH/9tXat2u30jf+smMwFCsno4wHVdNmzFyL+T/L3UGqqk6JKfVqOFOZEpZSHADH1k40ab6NUIXZq422ov3Q=="],

    "vfile-message": ["vfile-message@4.0.3", "", { "dependencies": { "@types/unist": "^3.0.0", "unist-util-stringify-position": "^4.0.0" } }, "sha512-QTHzsGd1EhbZs4AsQ20JX1rC3cOlt/IWJruk893DfLRr57lcnOeMaWG4K0JrRta4mIJZKth2Au3mM3u03/JWKw=="],
  }
}
